
Microsoft Visual Studio Solution File, Format Version 12.00
# Visual Studio Version 16
VisualStudioVersion = 16.0.30104.148
MinimumVisualStudioVersion = 10.0.40219.1
Project("{9A19103F-16F7-4668-BE54-9A1E7A4F7556}") = "interface-treino", "interface-treino\interface-treino.csproj", "{ACD2F763-3E37-4188-8D6B-148E6B63029A}"
EndProject
Global
	GlobalSection(SolutionConfigurationPlatforms) = preSolution
		Debug|Any CPU = Debug|Any CPU
		Release|Any CPU = Release|Any CPU
	EndGlobalSection
	GlobalSection(ProjectConfigurationPlatforms) = postSolution
		{ACD2F763-3E37-4188-8D6B-148E6B63029A}.Debug|Any CPU.ActiveCfg = Debug|Any CPU
		{ACD2F763-3E37-4188-8D6B-148E6B63029A}.Debug|Any CPU.Build.0 = Debug|Any CPU
		{ACD2F763-3E37-4188-8D6B-148E6B63029A}.Release|Any CPU.ActiveCfg = Release|Any CPU
		{ACD2F763-3E37-4188-8D6B-148E6B63029A}.Release|Any CPU.Build.0 = Release|Any CPU
	EndGlobalSection
	GlobalSection(SolutionProperties) = preSolution
		HideSolutionNode = FALSE
	EndGlobalSection
	GlobalSection(ExtensibilityGlobals) = postSolution
		SolutionGuid = {B403D309-D4FB-4EDD-B05D-7D7EB88293A3}
	EndGlobalSection
EndGlobal
